dependencies:
- name: redis
  repository: https://kubernetes-charts.storage.googleapis.com/
  version: 1.1.6
- name: minio
  repository: https://kubernetes-charts.storage.googleapis.com/
  version: 0.4.3
- name: jenkins
  repository: https://kubernetes-charts.storage.googleapis.com/
  version: 0.13.2
digest: sha256:81052da261a7bbbc717527c449be02232eede32bec27418a294c187f322be967
generated: 2018-02-21T02:38:58.509329213Z
